
Microsoft Visual Studio Solution File, Format Version 12.00
# Visual Studio 14
VisualStudioVersion = 14.0.24720.0
MinimumVisualStudioVersion = 10.0.40219.1
Project("{2150E333-8FDC-42A3-9474-1A3956D46DE8}") = "MicrosoftBandFieldGateway", "MicrosoftBandFieldGateway", "{1967FC17-13FA-4D9D-83FE-45ADA137BE4D}"
EndProject
Project("{D954291E-2A0B-460D-934E-DC6B0785DB48}") = "MicrosoftBandFieldGateway.Shared", "MicrosoftBandFieldGateway\MicrosoftBandFieldGateway.Shared\MicrosoftBandFieldGateway.Shared.shproj", "{C9B5FFEE-687E-4523-A7D4-C5E5B61C4B37}"
EndProject
Project("{FAE04EC0-301F-11D3-BF4B-00C04F79EFBC}") = "MicrosoftBandFieldGateway.Windows", "MicrosoftBandFieldGateway\MicrosoftBandFieldGateway.Windows\MicrosoftBandFieldGateway.Windows.csproj", "{426B6073-3838-48CA-B653-5315DDAA0F1C}"
EndProject
Project("{FAE04EC0-301F-11D3-BF4B-00C04F79EFBC}") = "MicrosoftBandFieldGateway.WP", "MicrosoftBandFieldGateway\MicrosoftBandFieldGateway.WP\MicrosoftBandFieldGateway.WP.csproj", "{FB9EDF50-91E0-4E2D-9C3F-B72D08CBFCD4}"
EndProject
Project("{2150E333-8FDC-42A3-9474-1A3956D46DE8}") = "Packages", "Packages", "{7E26FC44-69DA-428E-8077-A9275FFD3034}"
EndProject
Project("{2150E333-8FDC-42A3-9474-1A3956D46DE8}") = "WP8.1", "WP8.1", "{F9AB1DBB-B438-48CF-9058-DEF09CA489F0}"
	ProjectSection(SolutionItems) = preProject
		MicrosoftBandFieldGateway\MicrosoftBandFieldGateway.WP\AppPackages\MicrosoftBandFieldGateway.WP_1.0.0.7_AnyCPU.zip = MicrosoftBandFieldGateway\MicrosoftBandFieldGateway.WP\AppPackages\MicrosoftBandFieldGateway.WP_1.0.0.7_AnyCPU.zip
	EndProjectSection
EndProject
Global
	GlobalSection(SharedMSBuildProjectFiles) = preSolution
		MicrosoftBandFieldGateway\MicrosoftBandFieldGateway.Shared\MicrosoftBandFieldGateway.Shared.projitems*{fb9edf50-91e0-4e2d-9c3f-b72d08cbfcd4}*SharedItemsImports = 4
		MicrosoftBandFieldGateway\MicrosoftBandFieldGateway.Shared\MicrosoftBandFieldGateway.Shared.projitems*{426b6073-3838-48ca-b653-5315ddaa0f1c}*SharedItemsImports = 4
		MicrosoftBandFieldGateway\MicrosoftBandFieldGateway.Shared\MicrosoftBandFieldGateway.Shared.projitems*{c9b5ffee-687e-4523-a7d4-c5e5b61c4b37}*SharedItemsImports = 13
	EndGlobalSection
	GlobalSection(SolutionConfigurationPlatforms) = preSolution
		Debug|Any CPU = Debug|Any CPU
		Debug|ARM = Debug|ARM
		Debug|x64 = Debug|x64
		Debug|x86 = Debug|x86
		Release|Any CPU = Release|Any CPU
		Release|ARM = Release|ARM
		Release|x64 = Release|x64
		Release|x86 = Release|x86
	EndGlobalSection
	GlobalSection(ProjectConfigurationPlatforms) = postSolution
		{426B6073-3838-48CA-B653-5315DDAA0F1C}.Debug|Any CPU.ActiveCfg = Debug|Any CPU
		{426B6073-3838-48CA-B653-5315DDAA0F1C}.Debug|Any CPU.Build.0 = Debug|Any CPU
		{426B6073-3838-48CA-B653-5315DDAA0F1C}.Debug|Any CPU.Deploy.0 = Debug|Any CPU
		{426B6073-3838-48CA-B653-5315DDAA0F1C}.Debug|ARM.ActiveCfg = Debug|ARM
		{426B6073-3838-48CA-B653-5315DDAA0F1C}.Debug|ARM.Build.0 = Debug|ARM
		{426B6073-3838-48CA-B653-5315DDAA0F1C}.Debug|ARM.Deploy.0 = Debug|ARM
		{426B6073-3838-48CA-B653-5315DDAA0F1C}.Debug|x64.ActiveCfg = Debug|x64
		{426B6073-3838-48CA-B653-5315DDAA0F1C}.Debug|x64.Build.0 = Debug|x64
		{426B6073-3838-48CA-B653-5315DDAA0F1C}.Debug|x64.Deploy.0 = Debug|x64
		{426B6073-3838-48CA-B653-5315DDAA0F1C}.Debug|x86.ActiveCfg = Debug|x86
		{426B6073-3838-48CA-B653-5315DDAA0F1C}.Debug|x86.Build.0 = Debug|x86
		{426B6073-3838-48CA-B653-5315DDAA0F1C}.Debug|x86.Deploy.0 = Debug|x86
		{426B6073-3838-48CA-B653-5315DDAA0F1C}.Release|Any CPU.ActiveCfg = Release|Any CPU
		{426B6073-3838-48CA-B653-5315DDAA0F1C}.Release|Any CPU.Build.0 = Release|Any CPU
		{426B6073-3838-48CA-B653-5315DDAA0F1C}.Release|Any CPU.Deploy.0 = Release|Any CPU
		{426B6073-3838-48CA-B653-5315DDAA0F1C}.Release|ARM.ActiveCfg = Release|ARM
		{426B6073-3838-48CA-B653-5315DDAA0F1C}.Release|ARM.Build.0 = Release|ARM
		{426B6073-3838-48CA-B653-5315DDAA0F1C}.Release|ARM.Deploy.0 = Release|ARM
		{426B6073-3838-48CA-B653-5315DDAA0F1C}.Release|x64.ActiveCfg = Release|x64
		{426B6073-3838-48CA-B653-5315DDAA0F1C}.Release|x64.Build.0 = Release|x64
		{426B6073-3838-48CA-B653-5315DDAA0F1C}.Release|x64.Deploy.0 = Release|x64
		{426B6073-3838-48CA-B653-5315DDAA0F1C}.Release|x86.ActiveCfg = Release|x86
		{426B6073-3838-48CA-B653-5315DDAA0F1C}.Release|x86.Build.0 = Release|x86
		{426B6073-3838-48CA-B653-5315DDAA0F1C}.Release|x86.Deploy.0 = Release|x86
		{FB9EDF50-91E0-4E2D-9C3F-B72D08CBFCD4}.Debug|Any CPU.ActiveCfg = Debug|Any CPU
		{FB9EDF50-91E0-4E2D-9C3F-B72D08CBFCD4}.Debug|Any CPU.Build.0 = Debug|Any CPU
		{FB9EDF50-91E0-4E2D-9C3F-B72D08CBFCD4}.Debug|Any CPU.Deploy.0 = Debug|Any CPU
		{FB9EDF50-91E0-4E2D-9C3F-B72D08CBFCD4}.Debug|ARM.ActiveCfg = Debug|ARM
		{FB9EDF50-91E0-4E2D-9C3F-B72D08CBFCD4}.Debug|ARM.Build.0 = Debug|ARM
		{FB9EDF50-91E0-4E2D-9C3F-B72D08CBFCD4}.Debug|ARM.Deploy.0 = Debug|ARM
		{FB9EDF50-91E0-4E2D-9C3F-B72D08CBFCD4}.Debug|x64.ActiveCfg = Debug|Any CPU
		{FB9EDF50-91E0-4E2D-9C3F-B72D08CBFCD4}.Debug|x64.Build.0 = Debug|Any CPU
		{FB9EDF50-91E0-4E2D-9C3F-B72D08CBFCD4}.Debug|x64.Deploy.0 = Debug|Any CPU
		{FB9EDF50-91E0-4E2D-9C3F-B72D08CBFCD4}.Debug|x86.ActiveCfg = Debug|x86
		{FB9EDF50-91E0-4E2D-9C3F-B72D08CBFCD4}.Debug|x86.Build.0 = Debug|x86
		{FB9EDF50-91E0-4E2D-9C3F-B72D08CBFCD4}.Debug|x86.Deploy.0 = Debug|x86
		{FB9EDF50-91E0-4E2D-9C3F-B72D08CBFCD4}.Release|Any CPU.ActiveCfg = Release|Any CPU
		{FB9EDF50-91E0-4E2D-9C3F-B72D08CBFCD4}.Release|Any CPU.Build.0 = Release|Any CPU
		{FB9EDF50-91E0-4E2D-9C3F-B72D08CBFCD4}.Release|Any CPU.Deploy.0 = Release|Any CPU
		{FB9EDF50-91E0-4E2D-9C3F-B72D08CBFCD4}.Release|ARM.ActiveCfg = Release|ARM
		{FB9EDF50-91E0-4E2D-9C3F-B72D08CBFCD4}.Release|ARM.Build.0 = Release|ARM
		{FB9EDF50-91E0-4E2D-9C3F-B72D08CBFCD4}.Release|ARM.Deploy.0 = Release|ARM
		{FB9EDF50-91E0-4E2D-9C3F-B72D08CBFCD4}.Release|x64.ActiveCfg = Release|Any CPU
		{FB9EDF50-91E0-4E2D-9C3F-B72D08CBFCD4}.Release|x64.Build.0 = Release|Any CPU
		{FB9EDF50-91E0-4E2D-9C3F-B72D08CBFCD4}.Release|x64.Deploy.0 = Release|Any CPU
		{FB9EDF50-91E0-4E2D-9C3F-B72D08CBFCD4}.Release|x86.ActiveCfg = Release|x86
		{FB9EDF50-91E0-4E2D-9C3F-B72D08CBFCD4}.Release|x86.Build.0 = Release|x86
		{FB9EDF50-91E0-4E2D-9C3F-B72D08CBFCD4}.Release|x86.Deploy.0 = Release|x86
	EndGlobalSection
	GlobalSection(SolutionProperties) = preSolution
		HideSolutionNode = FALSE
	EndGlobalSection
	GlobalSection(NestedProjects) = preSolution
		{C9B5FFEE-687E-4523-A7D4-C5E5B61C4B37} = {1967FC17-13FA-4D9D-83FE-45ADA137BE4D}
		{426B6073-3838-48CA-B653-5315DDAA0F1C} = {1967FC17-13FA-4D9D-83FE-45ADA137BE4D}
		{FB9EDF50-91E0-4E2D-9C3F-B72D08CBFCD4} = {1967FC17-13FA-4D9D-83FE-45ADA137BE4D}
		{F9AB1DBB-B438-48CF-9058-DEF09CA489F0} = {7E26FC44-69DA-428E-8077-A9275FFD3034}
	EndGlobalSection
EndGlobal
