
Microsoft Visual Studio Solution File, Format Version 12.00
# Visual Studio 14
VisualStudioVersion = 14.0.24720.0
MinimumVisualStudioVersion = 10.0.40219.1
Project("{2150E333-8FDC-42A3-9474-1A3956D46DE8}") = "MicrosoftBandFieldGateway", "MicrosoftBandFieldGateway", "{1967FC17-13FA-4D9D-83FE-45ADA137BE4D}"
EndProject
Project("{D954291E-2A0B-460D-934E-DC6B0785DB48}") = "MicrosoftBandFieldGateway.Shared", "MicrosoftBandFieldGateway\MicrosoftBandFieldGateway.Shared\MicrosoftBandFieldGateway.Shared.shproj", "{C9B5FFEE-687E-4523-A7D4-C5E5B61C4B37}"
EndProject
Project("{FAE04EC0-301F-11D3-BF4B-00C04F79EFBC}") = "MicrosoftBandFieldGateway.Win", "MicrosoftBandFieldGateway\MicrosoftBandFieldGateway.Windows\MicrosoftBandFieldGateway.Win.csproj", "{426B6073-3838-48CA-B653-5315DDAA0F1C}"
EndProject
Project("{FAE04EC0-301F-11D3-BF4B-00C04F79EFBC}") = "MicrosoftBandFieldGateway.WP", "MicrosoftBandFieldGateway\MicrosoftBandFieldGateway.WP\MicrosoftBandFieldGateway.WP.csproj", "{FB9EDF50-91E0-4E2D-9C3F-B72D08CBFCD4}"
EndProject
Project("{2150E333-8FDC-42A3-9474-1A3956D46DE8}") = "Packages", "Packages", "{7E26FC44-69DA-428E-8077-A9275FFD3034}"
EndProject
Project("{2150E333-8FDC-42A3-9474-1A3956D46DE8}") = "WP8.1", "WP8.1", "{F9AB1DBB-B438-48CF-9058-DEF09CA489F0}"
	ProjectSection(SolutionItems) = preProject
		MicrosoftBandFieldGateway\MicrosoftBandFieldGateway.WP\AppPackages\MicrosoftBandFieldGateway.WP_1.0.0.7_AnyCPU.zip = MicrosoftBandFieldGateway\MicrosoftBandFieldGateway.WP\AppPackages\MicrosoftBandFieldGateway.WP_1.0.0.7_AnyCPU.zip
	EndProjectSection
EndProject
Project("{FAE04EC0-301F-11D3-BF4B-00C04F79EFBC}") = "MicrosoftBand2IoTHub.PCL", "MicrosoftBand2IoTHub.PCL\MicrosoftBand2IoTHub.PCL.csproj", "{67F9D3A8-F71E-4428-913F-C37AE82CDB24}"
EndProject
Project("{D954291E-2A0B-460D-934E-DC6B0785DB48}") = "XamarinBand2IoTHub", "XamarinBand2IoTHub\XamarinBand2IoTHub\XamarinBand2IoTHub.shproj", "{72E145E0-BCD6-4BAD-8650-B5B042606A68}"
EndProject
Project("{FAE04EC0-301F-11D3-BF4B-00C04F79EFBC}") = "XamarinBand2IoTHub.WinPhone", "XamarinBand2IoTHub\XamarinBand2IoTHub.WinPhone\XamarinBand2IoTHub.WinPhone.csproj", "{1A9E0C45-ACF4-4558-AB4B-BEE31487F5F6}"
EndProject
Project("{FAE04EC0-301F-11D3-BF4B-00C04F79EFBC}") = "XamarinBand2IoTHub.iOS", "XamarinBand2IoTHub\XamarinBand2IoTHub.iOS\XamarinBand2IoTHub.iOS.csproj", "{6762F8FF-4896-4F44-A45B-86D1310BFDDF}"
EndProject
Project("{FAE04EC0-301F-11D3-BF4B-00C04F79EFBC}") = "XamarinBand2IoTHub.Droid", "XamarinBand2IoTHub\XamarinBand2IoTHub.Droid\XamarinBand2IoTHub.Droid.csproj", "{B87846E4-F3BB-4229-BEDE-B88FBFE934DA}"
EndProject
Global
	GlobalSection(SharedMSBuildProjectFiles) = preSolution
		XamarinBand2IoTHub\XamarinBand2IoTHub\XamarinBand2IoTHub.projitems*{6762f8ff-4896-4f44-a45b-86d1310bfddf}*SharedItemsImports = 4
		MicrosoftBandFieldGateway\MicrosoftBandFieldGateway.Shared\MicrosoftBandFieldGateway.Shared.projitems*{fb9edf50-91e0-4e2d-9c3f-b72d08cbfcd4}*SharedItemsImports = 4
		XamarinBand2IoTHub\XamarinBand2IoTHub\XamarinBand2IoTHub.projitems*{b87846e4-f3bb-4229-bede-b88fbfe934da}*SharedItemsImports = 4
		XamarinBand2IoTHub\XamarinBand2IoTHub\XamarinBand2IoTHub.projitems*{1a9e0c45-acf4-4558-ab4b-bee31487f5f6}*SharedItemsImports = 4
		MicrosoftBandFieldGateway\MicrosoftBandFieldGateway.Shared\MicrosoftBandFieldGateway.Shared.projitems*{426b6073-3838-48ca-b653-5315ddaa0f1c}*SharedItemsImports = 4
		MicrosoftBandFieldGateway\MicrosoftBandFieldGateway.Shared\MicrosoftBandFieldGateway.Shared.projitems*{c9b5ffee-687e-4523-a7d4-c5e5b61c4b37}*SharedItemsImports = 13
		XamarinBand2IoTHub\XamarinBand2IoTHub\XamarinBand2IoTHub.projitems*{72e145e0-bcd6-4bad-8650-b5b042606a68}*SharedItemsImports = 13
	EndGlobalSection
	GlobalSection(SolutionConfigurationPlatforms) = preSolution
		Ad-Hoc|Any CPU = Ad-Hoc|Any CPU
		Ad-Hoc|ARM = Ad-Hoc|ARM
		Ad-Hoc|iPhone = Ad-Hoc|iPhone
		Ad-Hoc|iPhoneSimulator = Ad-Hoc|iPhoneSimulator
		Ad-Hoc|x64 = Ad-Hoc|x64
		Ad-Hoc|x86 = Ad-Hoc|x86
		AppStore|Any CPU = AppStore|Any CPU
		AppStore|ARM = AppStore|ARM
		AppStore|iPhone = AppStore|iPhone
		AppStore|iPhoneSimulator = AppStore|iPhoneSimulator
		AppStore|x64 = AppStore|x64
		AppStore|x86 = AppStore|x86
		Debug|Any CPU = Debug|Any CPU
		Debug|ARM = Debug|ARM
		Debug|iPhone = Debug|iPhone
		Debug|iPhoneSimulator = Debug|iPhoneSimulator
		Debug|x64 = Debug|x64
		Debug|x86 = Debug|x86
		Release|Any CPU = Release|Any CPU
		Release|ARM = Release|ARM
		Release|iPhone = Release|iPhone
		Release|iPhoneSimulator = Release|iPhoneSimulator
		Release|x64 = Release|x64
		Release|x86 = Release|x86
	EndGlobalSection
	GlobalSection(ProjectConfigurationPlatforms) = postSolution
		{426B6073-3838-48CA-B653-5315DDAA0F1C}.Ad-Hoc|Any CPU.ActiveCfg = Release|Any CPU
		{426B6073-3838-48CA-B653-5315DDAA0F1C}.Ad-Hoc|Any CPU.Build.0 = Release|Any CPU
		{426B6073-3838-48CA-B653-5315DDAA0F1C}.Ad-Hoc|Any CPU.Deploy.0 = Release|Any CPU
		{426B6073-3838-48CA-B653-5315DDAA0F1C}.Ad-Hoc|ARM.ActiveCfg = Release|ARM
		{426B6073-3838-48CA-B653-5315DDAA0F1C}.Ad-Hoc|ARM.Build.0 = Release|ARM
		{426B6073-3838-48CA-B653-5315DDAA0F1C}.Ad-Hoc|ARM.Deploy.0 = Release|ARM
		{426B6073-3838-48CA-B653-5315DDAA0F1C}.Ad-Hoc|iPhone.ActiveCfg = Release|Any CPU
		{426B6073-3838-48CA-B653-5315DDAA0F1C}.Ad-Hoc|iPhone.Build.0 = Release|Any CPU
		{426B6073-3838-48CA-B653-5315DDAA0F1C}.Ad-Hoc|iPhone.Deploy.0 = Release|Any CPU
		{426B6073-3838-48CA-B653-5315DDAA0F1C}.Ad-Hoc|iPhoneSimulator.ActiveCfg = Release|Any CPU
		{426B6073-3838-48CA-B653-5315DDAA0F1C}.Ad-Hoc|iPhoneSimulator.Build.0 = Release|Any CPU
		{426B6073-3838-48CA-B653-5315DDAA0F1C}.Ad-Hoc|iPhoneSimulator.Deploy.0 = Release|Any CPU
		{426B6073-3838-48CA-B653-5315DDAA0F1C}.Ad-Hoc|x64.ActiveCfg = Release|x64
		{426B6073-3838-48CA-B653-5315DDAA0F1C}.Ad-Hoc|x64.Build.0 = Release|x64
		{426B6073-3838-48CA-B653-5315DDAA0F1C}.Ad-Hoc|x64.Deploy.0 = Release|x64
		{426B6073-3838-48CA-B653-5315DDAA0F1C}.Ad-Hoc|x86.ActiveCfg = Release|x86
		{426B6073-3838-48CA-B653-5315DDAA0F1C}.Ad-Hoc|x86.Build.0 = Release|x86
		{426B6073-3838-48CA-B653-5315DDAA0F1C}.Ad-Hoc|x86.Deploy.0 = Release|x86
		{426B6073-3838-48CA-B653-5315DDAA0F1C}.AppStore|Any CPU.ActiveCfg = Release|Any CPU
		{426B6073-3838-48CA-B653-5315DDAA0F1C}.AppStore|Any CPU.Build.0 = Release|Any CPU
		{426B6073-3838-48CA-B653-5315DDAA0F1C}.AppStore|Any CPU.Deploy.0 = Release|Any CPU
		{426B6073-3838-48CA-B653-5315DDAA0F1C}.AppStore|ARM.ActiveCfg = Release|ARM
		{426B6073-3838-48CA-B653-5315DDAA0F1C}.AppStore|ARM.Build.0 = Release|ARM
		{426B6073-3838-48CA-B653-5315DDAA0F1C}.AppStore|ARM.Deploy.0 = Release|ARM
		{426B6073-3838-48CA-B653-5315DDAA0F1C}.AppStore|iPhone.ActiveCfg = Release|Any CPU
		{426B6073-3838-48CA-B653-5315DDAA0F1C}.AppStore|iPhone.Build.0 = Release|Any CPU
		{426B6073-3838-48CA-B653-5315DDAA0F1C}.AppStore|iPhone.Deploy.0 = Release|Any CPU
		{426B6073-3838-48CA-B653-5315DDAA0F1C}.AppStore|iPhoneSimulator.ActiveCfg = Release|Any CPU
		{426B6073-3838-48CA-B653-5315DDAA0F1C}.AppStore|iPhoneSimulator.Build.0 = Release|Any CPU
		{426B6073-3838-48CA-B653-5315DDAA0F1C}.AppStore|iPhoneSimulator.Deploy.0 = Release|Any CPU
		{426B6073-3838-48CA-B653-5315DDAA0F1C}.AppStore|x64.ActiveCfg = Release|x64
		{426B6073-3838-48CA-B653-5315DDAA0F1C}.AppStore|x64.Build.0 = Release|x64
		{426B6073-3838-48CA-B653-5315DDAA0F1C}.AppStore|x64.Deploy.0 = Release|x64
		{426B6073-3838-48CA-B653-5315DDAA0F1C}.AppStore|x86.ActiveCfg = Release|x86
		{426B6073-3838-48CA-B653-5315DDAA0F1C}.AppStore|x86.Build.0 = Release|x86
		{426B6073-3838-48CA-B653-5315DDAA0F1C}.AppStore|x86.Deploy.0 = Release|x86
		{426B6073-3838-48CA-B653-5315DDAA0F1C}.Debug|Any CPU.ActiveCfg = Debug|Any CPU
		{426B6073-3838-48CA-B653-5315DDAA0F1C}.Debug|Any CPU.Build.0 = Debug|Any CPU
		{426B6073-3838-48CA-B653-5315DDAA0F1C}.Debug|Any CPU.Deploy.0 = Debug|Any CPU
		{426B6073-3838-48CA-B653-5315DDAA0F1C}.Debug|ARM.ActiveCfg = Debug|ARM
		{426B6073-3838-48CA-B653-5315DDAA0F1C}.Debug|ARM.Build.0 = Debug|ARM
		{426B6073-3838-48CA-B653-5315DDAA0F1C}.Debug|ARM.Deploy.0 = Debug|ARM
		{426B6073-3838-48CA-B653-5315DDAA0F1C}.Debug|iPhone.ActiveCfg = Debug|Any CPU
		{426B6073-3838-48CA-B653-5315DDAA0F1C}.Debug|iPhone.Build.0 = Debug|Any CPU
		{426B6073-3838-48CA-B653-5315DDAA0F1C}.Debug|iPhone.Deploy.0 = Debug|Any CPU
		{426B6073-3838-48CA-B653-5315DDAA0F1C}.Debug|iPhoneSimulator.ActiveCfg = Debug|Any CPU
		{426B6073-3838-48CA-B653-5315DDAA0F1C}.Debug|iPhoneSimulator.Build.0 = Debug|Any CPU
		{426B6073-3838-48CA-B653-5315DDAA0F1C}.Debug|iPhoneSimulator.Deploy.0 = Debug|Any CPU
		{426B6073-3838-48CA-B653-5315DDAA0F1C}.Debug|x64.ActiveCfg = Debug|x64
		{426B6073-3838-48CA-B653-5315DDAA0F1C}.Debug|x64.Build.0 = Debug|x64
		{426B6073-3838-48CA-B653-5315DDAA0F1C}.Debug|x64.Deploy.0 = Debug|x64
		{426B6073-3838-48CA-B653-5315DDAA0F1C}.Debug|x86.ActiveCfg = Debug|x86
		{426B6073-3838-48CA-B653-5315DDAA0F1C}.Debug|x86.Build.0 = Debug|x86
		{426B6073-3838-48CA-B653-5315DDAA0F1C}.Debug|x86.Deploy.0 = Debug|x86
		{426B6073-3838-48CA-B653-5315DDAA0F1C}.Release|Any CPU.ActiveCfg = Release|Any CPU
		{426B6073-3838-48CA-B653-5315DDAA0F1C}.Release|Any CPU.Build.0 = Release|Any CPU
		{426B6073-3838-48CA-B653-5315DDAA0F1C}.Release|Any CPU.Deploy.0 = Release|Any CPU
		{426B6073-3838-48CA-B653-5315DDAA0F1C}.Release|ARM.ActiveCfg = Release|ARM
		{426B6073-3838-48CA-B653-5315DDAA0F1C}.Release|ARM.Build.0 = Release|ARM
		{426B6073-3838-48CA-B653-5315DDAA0F1C}.Release|ARM.Deploy.0 = Release|ARM
		{426B6073-3838-48CA-B653-5315DDAA0F1C}.Release|iPhone.ActiveCfg = Release|Any CPU
		{426B6073-3838-48CA-B653-5315DDAA0F1C}.Release|iPhone.Build.0 = Release|Any CPU
		{426B6073-3838-48CA-B653-5315DDAA0F1C}.Release|iPhone.Deploy.0 = Release|Any CPU
		{426B6073-3838-48CA-B653-5315DDAA0F1C}.Release|iPhoneSimulator.ActiveCfg = Release|Any CPU
		{426B6073-3838-48CA-B653-5315DDAA0F1C}.Release|iPhoneSimulator.Build.0 = Release|Any CPU
		{426B6073-3838-48CA-B653-5315DDAA0F1C}.Release|iPhoneSimulator.Deploy.0 = Release|Any CPU
		{426B6073-3838-48CA-B653-5315DDAA0F1C}.Release|x64.ActiveCfg = Release|x64
		{426B6073-3838-48CA-B653-5315DDAA0F1C}.Release|x64.Build.0 = Release|x64
		{426B6073-3838-48CA-B653-5315DDAA0F1C}.Release|x64.Deploy.0 = Release|x64
		{426B6073-3838-48CA-B653-5315DDAA0F1C}.Release|x86.ActiveCfg = Release|x86
		{426B6073-3838-48CA-B653-5315DDAA0F1C}.Release|x86.Build.0 = Release|x86
		{426B6073-3838-48CA-B653-5315DDAA0F1C}.Release|x86.Deploy.0 = Release|x86
		{FB9EDF50-91E0-4E2D-9C3F-B72D08CBFCD4}.Ad-Hoc|Any CPU.ActiveCfg = Release|Any CPU
		{FB9EDF50-91E0-4E2D-9C3F-B72D08CBFCD4}.Ad-Hoc|Any CPU.Build.0 = Release|Any CPU
		{FB9EDF50-91E0-4E2D-9C3F-B72D08CBFCD4}.Ad-Hoc|Any CPU.Deploy.0 = Release|Any CPU
		{FB9EDF50-91E0-4E2D-9C3F-B72D08CBFCD4}.Ad-Hoc|ARM.ActiveCfg = Release|ARM
		{FB9EDF50-91E0-4E2D-9C3F-B72D08CBFCD4}.Ad-Hoc|ARM.Build.0 = Release|ARM
		{FB9EDF50-91E0-4E2D-9C3F-B72D08CBFCD4}.Ad-Hoc|ARM.Deploy.0 = Release|ARM
		{FB9EDF50-91E0-4E2D-9C3F-B72D08CBFCD4}.Ad-Hoc|iPhone.ActiveCfg = Release|Any CPU
		{FB9EDF50-91E0-4E2D-9C3F-B72D08CBFCD4}.Ad-Hoc|iPhone.Build.0 = Release|Any CPU
		{FB9EDF50-91E0-4E2D-9C3F-B72D08CBFCD4}.Ad-Hoc|iPhone.Deploy.0 = Release|Any CPU
		{FB9EDF50-91E0-4E2D-9C3F-B72D08CBFCD4}.Ad-Hoc|iPhoneSimulator.ActiveCfg = Release|Any CPU
		{FB9EDF50-91E0-4E2D-9C3F-B72D08CBFCD4}.Ad-Hoc|iPhoneSimulator.Build.0 = Release|Any CPU
		{FB9EDF50-91E0-4E2D-9C3F-B72D08CBFCD4}.Ad-Hoc|iPhoneSimulator.Deploy.0 = Release|Any CPU
		{FB9EDF50-91E0-4E2D-9C3F-B72D08CBFCD4}.Ad-Hoc|x64.ActiveCfg = Release|Any CPU
		{FB9EDF50-91E0-4E2D-9C3F-B72D08CBFCD4}.Ad-Hoc|x64.Build.0 = Release|Any CPU
		{FB9EDF50-91E0-4E2D-9C3F-B72D08CBFCD4}.Ad-Hoc|x64.Deploy.0 = Release|Any CPU
		{FB9EDF50-91E0-4E2D-9C3F-B72D08CBFCD4}.Ad-Hoc|x86.ActiveCfg = Release|x86
		{FB9EDF50-91E0-4E2D-9C3F-B72D08CBFCD4}.Ad-Hoc|x86.Build.0 = Release|x86
		{FB9EDF50-91E0-4E2D-9C3F-B72D08CBFCD4}.Ad-Hoc|x86.Deploy.0 = Release|x86
		{FB9EDF50-91E0-4E2D-9C3F-B72D08CBFCD4}.AppStore|Any CPU.ActiveCfg = Release|Any CPU
		{FB9EDF50-91E0-4E2D-9C3F-B72D08CBFCD4}.AppStore|Any CPU.Build.0 = Release|Any CPU
		{FB9EDF50-91E0-4E2D-9C3F-B72D08CBFCD4}.AppStore|Any CPU.Deploy.0 = Release|Any CPU
		{FB9EDF50-91E0-4E2D-9C3F-B72D08CBFCD4}.AppStore|ARM.ActiveCfg = Release|ARM
		{FB9EDF50-91E0-4E2D-9C3F-B72D08CBFCD4}.AppStore|ARM.Build.0 = Release|ARM
		{FB9EDF50-91E0-4E2D-9C3F-B72D08CBFCD4}.AppStore|ARM.Deploy.0 = Release|ARM
		{FB9EDF50-91E0-4E2D-9C3F-B72D08CBFCD4}.AppStore|iPhone.ActiveCfg = Release|Any CPU
		{FB9EDF50-91E0-4E2D-9C3F-B72D08CBFCD4}.AppStore|iPhone.Build.0 = Release|Any CPU
		{FB9EDF50-91E0-4E2D-9C3F-B72D08CBFCD4}.AppStore|iPhone.Deploy.0 = Release|Any CPU
		{FB9EDF50-91E0-4E2D-9C3F-B72D08CBFCD4}.AppStore|iPhoneSimulator.ActiveCfg = Release|Any CPU
		{FB9EDF50-91E0-4E2D-9C3F-B72D08CBFCD4}.AppStore|iPhoneSimulator.Build.0 = Release|Any CPU
		{FB9EDF50-91E0-4E2D-9C3F-B72D08CBFCD4}.AppStore|iPhoneSimulator.Deploy.0 = Release|Any CPU
		{FB9EDF50-91E0-4E2D-9C3F-B72D08CBFCD4}.AppStore|x64.ActiveCfg = Release|Any CPU
		{FB9EDF50-91E0-4E2D-9C3F-B72D08CBFCD4}.AppStore|x64.Build.0 = Release|Any CPU
		{FB9EDF50-91E0-4E2D-9C3F-B72D08CBFCD4}.AppStore|x64.Deploy.0 = Release|Any CPU
		{FB9EDF50-91E0-4E2D-9C3F-B72D08CBFCD4}.AppStore|x86.ActiveCfg = Release|x86
		{FB9EDF50-91E0-4E2D-9C3F-B72D08CBFCD4}.AppStore|x86.Build.0 = Release|x86
		{FB9EDF50-91E0-4E2D-9C3F-B72D08CBFCD4}.AppStore|x86.Deploy.0 = Release|x86
		{FB9EDF50-91E0-4E2D-9C3F-B72D08CBFCD4}.Debug|Any CPU.ActiveCfg = Debug|Any CPU
		{FB9EDF50-91E0-4E2D-9C3F-B72D08CBFCD4}.Debug|Any CPU.Build.0 = Debug|Any CPU
		{FB9EDF50-91E0-4E2D-9C3F-B72D08CBFCD4}.Debug|Any CPU.Deploy.0 = Debug|Any CPU
		{FB9EDF50-91E0-4E2D-9C3F-B72D08CBFCD4}.Debug|ARM.ActiveCfg = Debug|ARM
		{FB9EDF50-91E0-4E2D-9C3F-B72D08CBFCD4}.Debug|ARM.Build.0 = Debug|ARM
		{FB9EDF50-91E0-4E2D-9C3F-B72D08CBFCD4}.Debug|ARM.Deploy.0 = Debug|ARM
		{FB9EDF50-91E0-4E2D-9C3F-B72D08CBFCD4}.Debug|iPhone.ActiveCfg = Debug|Any CPU
		{FB9EDF50-91E0-4E2D-9C3F-B72D08CBFCD4}.Debug|iPhone.Build.0 = Debug|Any CPU
		{FB9EDF50-91E0-4E2D-9C3F-B72D08CBFCD4}.Debug|iPhone.Deploy.0 = Debug|Any CPU
		{FB9EDF50-91E0-4E2D-9C3F-B72D08CBFCD4}.Debug|iPhoneSimulator.ActiveCfg = Debug|Any CPU
		{FB9EDF50-91E0-4E2D-9C3F-B72D08CBFCD4}.Debug|iPhoneSimulator.Build.0 = Debug|Any CPU
		{FB9EDF50-91E0-4E2D-9C3F-B72D08CBFCD4}.Debug|iPhoneSimulator.Deploy.0 = Debug|Any CPU
		{FB9EDF50-91E0-4E2D-9C3F-B72D08CBFCD4}.Debug|x64.ActiveCfg = Debug|Any CPU
		{FB9EDF50-91E0-4E2D-9C3F-B72D08CBFCD4}.Debug|x64.Build.0 = Debug|Any CPU
		{FB9EDF50-91E0-4E2D-9C3F-B72D08CBFCD4}.Debug|x64.Deploy.0 = Debug|Any CPU
		{FB9EDF50-91E0-4E2D-9C3F-B72D08CBFCD4}.Debug|x86.ActiveCfg = Debug|x86
		{FB9EDF50-91E0-4E2D-9C3F-B72D08CBFCD4}.Debug|x86.Build.0 = Debug|x86
		{FB9EDF50-91E0-4E2D-9C3F-B72D08CBFCD4}.Debug|x86.Deploy.0 = Debug|x86
		{FB9EDF50-91E0-4E2D-9C3F-B72D08CBFCD4}.Release|Any CPU.ActiveCfg = Release|Any CPU
		{FB9EDF50-91E0-4E2D-9C3F-B72D08CBFCD4}.Release|Any CPU.Build.0 = Release|Any CPU
		{FB9EDF50-91E0-4E2D-9C3F-B72D08CBFCD4}.Release|Any CPU.Deploy.0 = Release|Any CPU
		{FB9EDF50-91E0-4E2D-9C3F-B72D08CBFCD4}.Release|ARM.ActiveCfg = Release|ARM
		{FB9EDF50-91E0-4E2D-9C3F-B72D08CBFCD4}.Release|ARM.Build.0 = Release|ARM
		{FB9EDF50-91E0-4E2D-9C3F-B72D08CBFCD4}.Release|ARM.Deploy.0 = Release|ARM
		{FB9EDF50-91E0-4E2D-9C3F-B72D08CBFCD4}.Release|iPhone.ActiveCfg = Release|Any CPU
		{FB9EDF50-91E0-4E2D-9C3F-B72D08CBFCD4}.Release|iPhone.Build.0 = Release|Any CPU
		{FB9EDF50-91E0-4E2D-9C3F-B72D08CBFCD4}.Release|iPhone.Deploy.0 = Release|Any CPU
		{FB9EDF50-91E0-4E2D-9C3F-B72D08CBFCD4}.Release|iPhoneSimulator.ActiveCfg = Release|Any CPU
		{FB9EDF50-91E0-4E2D-9C3F-B72D08CBFCD4}.Release|iPhoneSimulator.Build.0 = Release|Any CPU
		{FB9EDF50-91E0-4E2D-9C3F-B72D08CBFCD4}.Release|iPhoneSimulator.Deploy.0 = Release|Any CPU
		{FB9EDF50-91E0-4E2D-9C3F-B72D08CBFCD4}.Release|x64.ActiveCfg = Release|Any CPU
		{FB9EDF50-91E0-4E2D-9C3F-B72D08CBFCD4}.Release|x64.Build.0 = Release|Any CPU
		{FB9EDF50-91E0-4E2D-9C3F-B72D08CBFCD4}.Release|x64.Deploy.0 = Release|Any CPU
		{FB9EDF50-91E0-4E2D-9C3F-B72D08CBFCD4}.Release|x86.ActiveCfg = Release|x86
		{FB9EDF50-91E0-4E2D-9C3F-B72D08CBFCD4}.Release|x86.Build.0 = Release|x86
		{FB9EDF50-91E0-4E2D-9C3F-B72D08CBFCD4}.Release|x86.Deploy.0 = Release|x86
		{67F9D3A8-F71E-4428-913F-C37AE82CDB24}.Ad-Hoc|Any CPU.ActiveCfg = Release|Any CPU
		{67F9D3A8-F71E-4428-913F-C37AE82CDB24}.Ad-Hoc|Any CPU.Build.0 = Release|Any CPU
		{67F9D3A8-F71E-4428-913F-C37AE82CDB24}.Ad-Hoc|ARM.ActiveCfg = Release|Any CPU
		{67F9D3A8-F71E-4428-913F-C37AE82CDB24}.Ad-Hoc|ARM.Build.0 = Release|Any CPU
		{67F9D3A8-F71E-4428-913F-C37AE82CDB24}.Ad-Hoc|iPhone.ActiveCfg = Release|Any CPU
		{67F9D3A8-F71E-4428-913F-C37AE82CDB24}.Ad-Hoc|iPhone.Build.0 = Release|Any CPU
		{67F9D3A8-F71E-4428-913F-C37AE82CDB24}.Ad-Hoc|iPhoneSimulator.ActiveCfg = Release|Any CPU
		{67F9D3A8-F71E-4428-913F-C37AE82CDB24}.Ad-Hoc|iPhoneSimulator.Build.0 = Release|Any CPU
		{67F9D3A8-F71E-4428-913F-C37AE82CDB24}.Ad-Hoc|x64.ActiveCfg = Release|Any CPU
		{67F9D3A8-F71E-4428-913F-C37AE82CDB24}.Ad-Hoc|x64.Build.0 = Release|Any CPU
		{67F9D3A8-F71E-4428-913F-C37AE82CDB24}.Ad-Hoc|x86.ActiveCfg = Release|Any CPU
		{67F9D3A8-F71E-4428-913F-C37AE82CDB24}.Ad-Hoc|x86.Build.0 = Release|Any CPU
		{67F9D3A8-F71E-4428-913F-C37AE82CDB24}.AppStore|Any CPU.ActiveCfg = Release|Any CPU
		{67F9D3A8-F71E-4428-913F-C37AE82CDB24}.AppStore|Any CPU.Build.0 = Release|Any CPU
		{67F9D3A8-F71E-4428-913F-C37AE82CDB24}.AppStore|ARM.ActiveCfg = Release|Any CPU
		{67F9D3A8-F71E-4428-913F-C37AE82CDB24}.AppStore|ARM.Build.0 = Release|Any CPU
		{67F9D3A8-F71E-4428-913F-C37AE82CDB24}.AppStore|iPhone.ActiveCfg = Release|Any CPU
		{67F9D3A8-F71E-4428-913F-C37AE82CDB24}.AppStore|iPhone.Build.0 = Release|Any CPU
		{67F9D3A8-F71E-4428-913F-C37AE82CDB24}.AppStore|iPhoneSimulator.ActiveCfg = Release|Any CPU
		{67F9D3A8-F71E-4428-913F-C37AE82CDB24}.AppStore|iPhoneSimulator.Build.0 = Release|Any CPU
		{67F9D3A8-F71E-4428-913F-C37AE82CDB24}.AppStore|x64.ActiveCfg = Release|Any CPU
		{67F9D3A8-F71E-4428-913F-C37AE82CDB24}.AppStore|x64.Build.0 = Release|Any CPU
		{67F9D3A8-F71E-4428-913F-C37AE82CDB24}.AppStore|x86.ActiveCfg = Release|Any CPU
		{67F9D3A8-F71E-4428-913F-C37AE82CDB24}.AppStore|x86.Build.0 = Release|Any CPU
		{67F9D3A8-F71E-4428-913F-C37AE82CDB24}.Debug|Any CPU.ActiveCfg = Debug|Any CPU
		{67F9D3A8-F71E-4428-913F-C37AE82CDB24}.Debug|Any CPU.Build.0 = Debug|Any CPU
		{67F9D3A8-F71E-4428-913F-C37AE82CDB24}.Debug|ARM.ActiveCfg = Debug|Any CPU
		{67F9D3A8-F71E-4428-913F-C37AE82CDB24}.Debug|ARM.Build.0 = Debug|Any CPU
		{67F9D3A8-F71E-4428-913F-C37AE82CDB24}.Debug|iPhone.ActiveCfg = Debug|Any CPU
		{67F9D3A8-F71E-4428-913F-C37AE82CDB24}.Debug|iPhone.Build.0 = Debug|Any CPU
		{67F9D3A8-F71E-4428-913F-C37AE82CDB24}.Debug|iPhoneSimulator.ActiveCfg = Debug|Any CPU
		{67F9D3A8-F71E-4428-913F-C37AE82CDB24}.Debug|iPhoneSimulator.Build.0 = Debug|Any CPU
		{67F9D3A8-F71E-4428-913F-C37AE82CDB24}.Debug|x64.ActiveCfg = Debug|Any CPU
		{67F9D3A8-F71E-4428-913F-C37AE82CDB24}.Debug|x64.Build.0 = Debug|Any CPU
		{67F9D3A8-F71E-4428-913F-C37AE82CDB24}.Debug|x86.ActiveCfg = Debug|Any CPU
		{67F9D3A8-F71E-4428-913F-C37AE82CDB24}.Debug|x86.Build.0 = Debug|Any CPU
		{67F9D3A8-F71E-4428-913F-C37AE82CDB24}.Release|Any CPU.ActiveCfg = Release|Any CPU
		{67F9D3A8-F71E-4428-913F-C37AE82CDB24}.Release|Any CPU.Build.0 = Release|Any CPU
		{67F9D3A8-F71E-4428-913F-C37AE82CDB24}.Release|ARM.ActiveCfg = Release|Any CPU
		{67F9D3A8-F71E-4428-913F-C37AE82CDB24}.Release|ARM.Build.0 = Release|Any CPU
		{67F9D3A8-F71E-4428-913F-C37AE82CDB24}.Release|iPhone.ActiveCfg = Release|Any CPU
		{67F9D3A8-F71E-4428-913F-C37AE82CDB24}.Release|iPhone.Build.0 = Release|Any CPU
		{67F9D3A8-F71E-4428-913F-C37AE82CDB24}.Release|iPhoneSimulator.ActiveCfg = Release|Any CPU
		{67F9D3A8-F71E-4428-913F-C37AE82CDB24}.Release|iPhoneSimulator.Build.0 = Release|Any CPU
		{67F9D3A8-F71E-4428-913F-C37AE82CDB24}.Release|x64.ActiveCfg = Release|Any CPU
		{67F9D3A8-F71E-4428-913F-C37AE82CDB24}.Release|x64.Build.0 = Release|Any CPU
		{67F9D3A8-F71E-4428-913F-C37AE82CDB24}.Release|x86.ActiveCfg = Release|Any CPU
		{67F9D3A8-F71E-4428-913F-C37AE82CDB24}.Release|x86.Build.0 = Release|Any CPU
		{1A9E0C45-ACF4-4558-AB4B-BEE31487F5F6}.Ad-Hoc|Any CPU.ActiveCfg = Release|Any CPU
		{1A9E0C45-ACF4-4558-AB4B-BEE31487F5F6}.Ad-Hoc|Any CPU.Build.0 = Release|Any CPU
		{1A9E0C45-ACF4-4558-AB4B-BEE31487F5F6}.Ad-Hoc|Any CPU.Deploy.0 = Release|Any CPU
		{1A9E0C45-ACF4-4558-AB4B-BEE31487F5F6}.Ad-Hoc|ARM.ActiveCfg = Release|ARM
		{1A9E0C45-ACF4-4558-AB4B-BEE31487F5F6}.Ad-Hoc|ARM.Build.0 = Release|ARM
		{1A9E0C45-ACF4-4558-AB4B-BEE31487F5F6}.Ad-Hoc|ARM.Deploy.0 = Release|ARM
		{1A9E0C45-ACF4-4558-AB4B-BEE31487F5F6}.Ad-Hoc|iPhone.ActiveCfg = Release|Any CPU
		{1A9E0C45-ACF4-4558-AB4B-BEE31487F5F6}.Ad-Hoc|iPhone.Build.0 = Release|Any CPU
		{1A9E0C45-ACF4-4558-AB4B-BEE31487F5F6}.Ad-Hoc|iPhone.Deploy.0 = Release|Any CPU
		{1A9E0C45-ACF4-4558-AB4B-BEE31487F5F6}.Ad-Hoc|iPhoneSimulator.ActiveCfg = Release|Any CPU
		{1A9E0C45-ACF4-4558-AB4B-BEE31487F5F6}.Ad-Hoc|iPhoneSimulator.Build.0 = Release|Any CPU
		{1A9E0C45-ACF4-4558-AB4B-BEE31487F5F6}.Ad-Hoc|iPhoneSimulator.Deploy.0 = Release|Any CPU
		{1A9E0C45-ACF4-4558-AB4B-BEE31487F5F6}.Ad-Hoc|x64.ActiveCfg = Release|Any CPU
		{1A9E0C45-ACF4-4558-AB4B-BEE31487F5F6}.Ad-Hoc|x64.Build.0 = Release|Any CPU
		{1A9E0C45-ACF4-4558-AB4B-BEE31487F5F6}.Ad-Hoc|x64.Deploy.0 = Release|Any CPU
		{1A9E0C45-ACF4-4558-AB4B-BEE31487F5F6}.Ad-Hoc|x86.ActiveCfg = Release|x86
		{1A9E0C45-ACF4-4558-AB4B-BEE31487F5F6}.Ad-Hoc|x86.Build.0 = Release|x86
		{1A9E0C45-ACF4-4558-AB4B-BEE31487F5F6}.Ad-Hoc|x86.Deploy.0 = Release|x86
		{1A9E0C45-ACF4-4558-AB4B-BEE31487F5F6}.AppStore|Any CPU.ActiveCfg = Release|Any CPU
		{1A9E0C45-ACF4-4558-AB4B-BEE31487F5F6}.AppStore|Any CPU.Build.0 = Release|Any CPU
		{1A9E0C45-ACF4-4558-AB4B-BEE31487F5F6}.AppStore|Any CPU.Deploy.0 = Release|Any CPU
		{1A9E0C45-ACF4-4558-AB4B-BEE31487F5F6}.AppStore|ARM.ActiveCfg = Release|ARM
		{1A9E0C45-ACF4-4558-AB4B-BEE31487F5F6}.AppStore|ARM.Build.0 = Release|ARM
		{1A9E0C45-ACF4-4558-AB4B-BEE31487F5F6}.AppStore|ARM.Deploy.0 = Release|ARM
		{1A9E0C45-ACF4-4558-AB4B-BEE31487F5F6}.AppStore|iPhone.ActiveCfg = Release|Any CPU
		{1A9E0C45-ACF4-4558-AB4B-BEE31487F5F6}.AppStore|iPhone.Build.0 = Release|Any CPU
		{1A9E0C45-ACF4-4558-AB4B-BEE31487F5F6}.AppStore|iPhone.Deploy.0 = Release|Any CPU
		{1A9E0C45-ACF4-4558-AB4B-BEE31487F5F6}.AppStore|iPhoneSimulator.ActiveCfg = Release|Any CPU
		{1A9E0C45-ACF4-4558-AB4B-BEE31487F5F6}.AppStore|iPhoneSimulator.Build.0 = Release|Any CPU
		{1A9E0C45-ACF4-4558-AB4B-BEE31487F5F6}.AppStore|iPhoneSimulator.Deploy.0 = Release|Any CPU
		{1A9E0C45-ACF4-4558-AB4B-BEE31487F5F6}.AppStore|x64.ActiveCfg = Release|Any CPU
		{1A9E0C45-ACF4-4558-AB4B-BEE31487F5F6}.AppStore|x64.Build.0 = Release|Any CPU
		{1A9E0C45-ACF4-4558-AB4B-BEE31487F5F6}.AppStore|x64.Deploy.0 = Release|Any CPU
		{1A9E0C45-ACF4-4558-AB4B-BEE31487F5F6}.AppStore|x86.ActiveCfg = Release|x86
		{1A9E0C45-ACF4-4558-AB4B-BEE31487F5F6}.AppStore|x86.Build.0 = Release|x86
		{1A9E0C45-ACF4-4558-AB4B-BEE31487F5F6}.AppStore|x86.Deploy.0 = Release|x86
		{1A9E0C45-ACF4-4558-AB4B-BEE31487F5F6}.Debug|Any CPU.ActiveCfg = Debug|Any CPU
		{1A9E0C45-ACF4-4558-AB4B-BEE31487F5F6}.Debug|Any CPU.Build.0 = Debug|Any CPU
		{1A9E0C45-ACF4-4558-AB4B-BEE31487F5F6}.Debug|Any CPU.Deploy.0 = Debug|Any CPU
		{1A9E0C45-ACF4-4558-AB4B-BEE31487F5F6}.Debug|ARM.ActiveCfg = Debug|ARM
		{1A9E0C45-ACF4-4558-AB4B-BEE31487F5F6}.Debug|ARM.Build.0 = Debug|ARM
		{1A9E0C45-ACF4-4558-AB4B-BEE31487F5F6}.Debug|ARM.Deploy.0 = Debug|ARM
		{1A9E0C45-ACF4-4558-AB4B-BEE31487F5F6}.Debug|iPhone.ActiveCfg = Debug|Any CPU
		{1A9E0C45-ACF4-4558-AB4B-BEE31487F5F6}.Debug|iPhone.Build.0 = Debug|Any CPU
		{1A9E0C45-ACF4-4558-AB4B-BEE31487F5F6}.Debug|iPhone.Deploy.0 = Debug|Any CPU
		{1A9E0C45-ACF4-4558-AB4B-BEE31487F5F6}.Debug|iPhoneSimulator.ActiveCfg = Debug|Any CPU
		{1A9E0C45-ACF4-4558-AB4B-BEE31487F5F6}.Debug|iPhoneSimulator.Build.0 = Debug|Any CPU
		{1A9E0C45-ACF4-4558-AB4B-BEE31487F5F6}.Debug|iPhoneSimulator.Deploy.0 = Debug|Any CPU
		{1A9E0C45-ACF4-4558-AB4B-BEE31487F5F6}.Debug|x64.ActiveCfg = Debug|Any CPU
		{1A9E0C45-ACF4-4558-AB4B-BEE31487F5F6}.Debug|x64.Build.0 = Debug|Any CPU
		{1A9E0C45-ACF4-4558-AB4B-BEE31487F5F6}.Debug|x64.Deploy.0 = Debug|Any CPU
		{1A9E0C45-ACF4-4558-AB4B-BEE31487F5F6}.Debug|x86.ActiveCfg = Debug|x86
		{1A9E0C45-ACF4-4558-AB4B-BEE31487F5F6}.Debug|x86.Build.0 = Debug|x86
		{1A9E0C45-ACF4-4558-AB4B-BEE31487F5F6}.Debug|x86.Deploy.0 = Debug|x86
		{1A9E0C45-ACF4-4558-AB4B-BEE31487F5F6}.Release|Any CPU.ActiveCfg = Release|Any CPU
		{1A9E0C45-ACF4-4558-AB4B-BEE31487F5F6}.Release|Any CPU.Build.0 = Release|Any CPU
		{1A9E0C45-ACF4-4558-AB4B-BEE31487F5F6}.Release|Any CPU.Deploy.0 = Release|Any CPU
		{1A9E0C45-ACF4-4558-AB4B-BEE31487F5F6}.Release|ARM.ActiveCfg = Release|ARM
		{1A9E0C45-ACF4-4558-AB4B-BEE31487F5F6}.Release|ARM.Build.0 = Release|ARM
		{1A9E0C45-ACF4-4558-AB4B-BEE31487F5F6}.Release|ARM.Deploy.0 = Release|ARM
		{1A9E0C45-ACF4-4558-AB4B-BEE31487F5F6}.Release|iPhone.ActiveCfg = Release|Any CPU
		{1A9E0C45-ACF4-4558-AB4B-BEE31487F5F6}.Release|iPhone.Build.0 = Release|Any CPU
		{1A9E0C45-ACF4-4558-AB4B-BEE31487F5F6}.Release|iPhone.Deploy.0 = Release|Any CPU
		{1A9E0C45-ACF4-4558-AB4B-BEE31487F5F6}.Release|iPhoneSimulator.ActiveCfg = Release|Any CPU
		{1A9E0C45-ACF4-4558-AB4B-BEE31487F5F6}.Release|iPhoneSimulator.Build.0 = Release|Any CPU
		{1A9E0C45-ACF4-4558-AB4B-BEE31487F5F6}.Release|iPhoneSimulator.Deploy.0 = Release|Any CPU
		{1A9E0C45-ACF4-4558-AB4B-BEE31487F5F6}.Release|x64.ActiveCfg = Release|Any CPU
		{1A9E0C45-ACF4-4558-AB4B-BEE31487F5F6}.Release|x64.Build.0 = Release|Any CPU
		{1A9E0C45-ACF4-4558-AB4B-BEE31487F5F6}.Release|x64.Deploy.0 = Release|Any CPU
		{1A9E0C45-ACF4-4558-AB4B-BEE31487F5F6}.Release|x86.ActiveCfg = Release|x86
		{1A9E0C45-ACF4-4558-AB4B-BEE31487F5F6}.Release|x86.Build.0 = Release|x86
		{1A9E0C45-ACF4-4558-AB4B-BEE31487F5F6}.Release|x86.Deploy.0 = Release|x86
		{6762F8FF-4896-4F44-A45B-86D1310BFDDF}.Ad-Hoc|Any CPU.ActiveCfg = Ad-Hoc|iPhone
		{6762F8FF-4896-4F44-A45B-86D1310BFDDF}.Ad-Hoc|ARM.ActiveCfg = Ad-Hoc|iPhone
		{6762F8FF-4896-4F44-A45B-86D1310BFDDF}.Ad-Hoc|iPhone.ActiveCfg = Ad-Hoc|iPhone
		{6762F8FF-4896-4F44-A45B-86D1310BFDDF}.Ad-Hoc|iPhone.Build.0 = Ad-Hoc|iPhone
		{6762F8FF-4896-4F44-A45B-86D1310BFDDF}.Ad-Hoc|iPhoneSimulator.ActiveCfg = Ad-Hoc|iPhoneSimulator
		{6762F8FF-4896-4F44-A45B-86D1310BFDDF}.Ad-Hoc|iPhoneSimulator.Build.0 = Ad-Hoc|iPhoneSimulator
		{6762F8FF-4896-4F44-A45B-86D1310BFDDF}.Ad-Hoc|x64.ActiveCfg = Ad-Hoc|iPhone
		{6762F8FF-4896-4F44-A45B-86D1310BFDDF}.Ad-Hoc|x86.ActiveCfg = Ad-Hoc|iPhone
		{6762F8FF-4896-4F44-A45B-86D1310BFDDF}.AppStore|Any CPU.ActiveCfg = AppStore|iPhone
		{6762F8FF-4896-4F44-A45B-86D1310BFDDF}.AppStore|ARM.ActiveCfg = AppStore|iPhone
		{6762F8FF-4896-4F44-A45B-86D1310BFDDF}.AppStore|iPhone.ActiveCfg = AppStore|iPhone
		{6762F8FF-4896-4F44-A45B-86D1310BFDDF}.AppStore|iPhone.Build.0 = AppStore|iPhone
		{6762F8FF-4896-4F44-A45B-86D1310BFDDF}.AppStore|iPhoneSimulator.ActiveCfg = AppStore|iPhoneSimulator
		{6762F8FF-4896-4F44-A45B-86D1310BFDDF}.AppStore|iPhoneSimulator.Build.0 = AppStore|iPhoneSimulator
		{6762F8FF-4896-4F44-A45B-86D1310BFDDF}.AppStore|x64.ActiveCfg = AppStore|iPhone
		{6762F8FF-4896-4F44-A45B-86D1310BFDDF}.AppStore|x86.ActiveCfg = AppStore|iPhone
		{6762F8FF-4896-4F44-A45B-86D1310BFDDF}.Debug|Any CPU.ActiveCfg = Debug|iPhone
		{6762F8FF-4896-4F44-A45B-86D1310BFDDF}.Debug|ARM.ActiveCfg = Debug|iPhone
		{6762F8FF-4896-4F44-A45B-86D1310BFDDF}.Debug|iPhone.ActiveCfg = Debug|iPhone
		{6762F8FF-4896-4F44-A45B-86D1310BFDDF}.Debug|iPhone.Build.0 = Debug|iPhone
		{6762F8FF-4896-4F44-A45B-86D1310BFDDF}.Debug|iPhoneSimulator.ActiveCfg = Debug|iPhoneSimulator
		{6762F8FF-4896-4F44-A45B-86D1310BFDDF}.Debug|iPhoneSimulator.Build.0 = Debug|iPhoneSimulator
		{6762F8FF-4896-4F44-A45B-86D1310BFDDF}.Debug|x64.ActiveCfg = Debug|iPhone
		{6762F8FF-4896-4F44-A45B-86D1310BFDDF}.Debug|x86.ActiveCfg = Debug|iPhone
		{6762F8FF-4896-4F44-A45B-86D1310BFDDF}.Release|Any CPU.ActiveCfg = Release|iPhone
		{6762F8FF-4896-4F44-A45B-86D1310BFDDF}.Release|ARM.ActiveCfg = Release|iPhone
		{6762F8FF-4896-4F44-A45B-86D1310BFDDF}.Release|iPhone.ActiveCfg = Release|iPhone
		{6762F8FF-4896-4F44-A45B-86D1310BFDDF}.Release|iPhone.Build.0 = Release|iPhone
		{6762F8FF-4896-4F44-A45B-86D1310BFDDF}.Release|iPhoneSimulator.ActiveCfg = Release|iPhoneSimulator
		{6762F8FF-4896-4F44-A45B-86D1310BFDDF}.Release|iPhoneSimulator.Build.0 = Release|iPhoneSimulator
		{6762F8FF-4896-4F44-A45B-86D1310BFDDF}.Release|x64.ActiveCfg = Release|iPhone
		{6762F8FF-4896-4F44-A45B-86D1310BFDDF}.Release|x86.ActiveCfg = Release|iPhone
		{B87846E4-F3BB-4229-BEDE-B88FBFE934DA}.Ad-Hoc|Any CPU.ActiveCfg = Release|Any CPU
		{B87846E4-F3BB-4229-BEDE-B88FBFE934DA}.Ad-Hoc|Any CPU.Build.0 = Release|Any CPU
		{B87846E4-F3BB-4229-BEDE-B88FBFE934DA}.Ad-Hoc|Any CPU.Deploy.0 = Release|Any CPU
		{B87846E4-F3BB-4229-BEDE-B88FBFE934DA}.Ad-Hoc|ARM.ActiveCfg = Release|Any CPU
		{B87846E4-F3BB-4229-BEDE-B88FBFE934DA}.Ad-Hoc|ARM.Build.0 = Release|Any CPU
		{B87846E4-F3BB-4229-BEDE-B88FBFE934DA}.Ad-Hoc|ARM.Deploy.0 = Release|Any CPU
		{B87846E4-F3BB-4229-BEDE-B88FBFE934DA}.Ad-Hoc|iPhone.ActiveCfg = Release|Any CPU
		{B87846E4-F3BB-4229-BEDE-B88FBFE934DA}.Ad-Hoc|iPhone.Build.0 = Release|Any CPU
		{B87846E4-F3BB-4229-BEDE-B88FBFE934DA}.Ad-Hoc|iPhone.Deploy.0 = Release|Any CPU
		{B87846E4-F3BB-4229-BEDE-B88FBFE934DA}.Ad-Hoc|iPhoneSimulator.ActiveCfg = Release|Any CPU
		{B87846E4-F3BB-4229-BEDE-B88FBFE934DA}.Ad-Hoc|iPhoneSimulator.Build.0 = Release|Any CPU
		{B87846E4-F3BB-4229-BEDE-B88FBFE934DA}.Ad-Hoc|iPhoneSimulator.Deploy.0 = Release|Any CPU
		{B87846E4-F3BB-4229-BEDE-B88FBFE934DA}.Ad-Hoc|x64.ActiveCfg = Release|Any CPU
		{B87846E4-F3BB-4229-BEDE-B88FBFE934DA}.Ad-Hoc|x64.Build.0 = Release|Any CPU
		{B87846E4-F3BB-4229-BEDE-B88FBFE934DA}.Ad-Hoc|x64.Deploy.0 = Release|Any CPU
		{B87846E4-F3BB-4229-BEDE-B88FBFE934DA}.Ad-Hoc|x86.ActiveCfg = Release|Any CPU
		{B87846E4-F3BB-4229-BEDE-B88FBFE934DA}.Ad-Hoc|x86.Build.0 = Release|Any CPU
		{B87846E4-F3BB-4229-BEDE-B88FBFE934DA}.Ad-Hoc|x86.Deploy.0 = Release|Any CPU
		{B87846E4-F3BB-4229-BEDE-B88FBFE934DA}.AppStore|Any CPU.ActiveCfg = Release|Any CPU
		{B87846E4-F3BB-4229-BEDE-B88FBFE934DA}.AppStore|Any CPU.Build.0 = Release|Any CPU
		{B87846E4-F3BB-4229-BEDE-B88FBFE934DA}.AppStore|Any CPU.Deploy.0 = Release|Any CPU
		{B87846E4-F3BB-4229-BEDE-B88FBFE934DA}.AppStore|ARM.ActiveCfg = Release|Any CPU
		{B87846E4-F3BB-4229-BEDE-B88FBFE934DA}.AppStore|ARM.Build.0 = Release|Any CPU
		{B87846E4-F3BB-4229-BEDE-B88FBFE934DA}.AppStore|ARM.Deploy.0 = Release|Any CPU
		{B87846E4-F3BB-4229-BEDE-B88FBFE934DA}.AppStore|iPhone.ActiveCfg = Release|Any CPU
		{B87846E4-F3BB-4229-BEDE-B88FBFE934DA}.AppStore|iPhone.Build.0 = Release|Any CPU
		{B87846E4-F3BB-4229-BEDE-B88FBFE934DA}.AppStore|iPhone.Deploy.0 = Release|Any CPU
		{B87846E4-F3BB-4229-BEDE-B88FBFE934DA}.AppStore|iPhoneSimulator.ActiveCfg = Release|Any CPU
		{B87846E4-F3BB-4229-BEDE-B88FBFE934DA}.AppStore|iPhoneSimulator.Build.0 = Release|Any CPU
		{B87846E4-F3BB-4229-BEDE-B88FBFE934DA}.AppStore|iPhoneSimulator.Deploy.0 = Release|Any CPU
		{B87846E4-F3BB-4229-BEDE-B88FBFE934DA}.AppStore|x64.ActiveCfg = Release|Any CPU
		{B87846E4-F3BB-4229-BEDE-B88FBFE934DA}.AppStore|x64.Build.0 = Release|Any CPU
		{B87846E4-F3BB-4229-BEDE-B88FBFE934DA}.AppStore|x64.Deploy.0 = Release|Any CPU
		{B87846E4-F3BB-4229-BEDE-B88FBFE934DA}.AppStore|x86.ActiveCfg = Release|Any CPU
		{B87846E4-F3BB-4229-BEDE-B88FBFE934DA}.AppStore|x86.Build.0 = Release|Any CPU
		{B87846E4-F3BB-4229-BEDE-B88FBFE934DA}.AppStore|x86.Deploy.0 = Release|Any CPU
		{B87846E4-F3BB-4229-BEDE-B88FBFE934DA}.Debug|Any CPU.ActiveCfg = Debug|Any CPU
		{B87846E4-F3BB-4229-BEDE-B88FBFE934DA}.Debug|Any CPU.Build.0 = Debug|Any CPU
		{B87846E4-F3BB-4229-BEDE-B88FBFE934DA}.Debug|Any CPU.Deploy.0 = Debug|Any CPU
		{B87846E4-F3BB-4229-BEDE-B88FBFE934DA}.Debug|ARM.ActiveCfg = Debug|Any CPU
		{B87846E4-F3BB-4229-BEDE-B88FBFE934DA}.Debug|ARM.Build.0 = Debug|Any CPU
		{B87846E4-F3BB-4229-BEDE-B88FBFE934DA}.Debug|ARM.Deploy.0 = Debug|Any CPU
		{B87846E4-F3BB-4229-BEDE-B88FBFE934DA}.Debug|iPhone.ActiveCfg = Debug|Any CPU
		{B87846E4-F3BB-4229-BEDE-B88FBFE934DA}.Debug|iPhone.Build.0 = Debug|Any CPU
		{B87846E4-F3BB-4229-BEDE-B88FBFE934DA}.Debug|iPhone.Deploy.0 = Debug|Any CPU
		{B87846E4-F3BB-4229-BEDE-B88FBFE934DA}.Debug|iPhoneSimulator.ActiveCfg = Debug|Any CPU
		{B87846E4-F3BB-4229-BEDE-B88FBFE934DA}.Debug|iPhoneSimulator.Build.0 = Debug|Any CPU
		{B87846E4-F3BB-4229-BEDE-B88FBFE934DA}.Debug|iPhoneSimulator.Deploy.0 = Debug|Any CPU
		{B87846E4-F3BB-4229-BEDE-B88FBFE934DA}.Debug|x64.ActiveCfg = Debug|Any CPU
		{B87846E4-F3BB-4229-BEDE-B88FBFE934DA}.Debug|x64.Build.0 = Debug|Any CPU
		{B87846E4-F3BB-4229-BEDE-B88FBFE934DA}.Debug|x64.Deploy.0 = Debug|Any CPU
		{B87846E4-F3BB-4229-BEDE-B88FBFE934DA}.Debug|x86.ActiveCfg = Debug|Any CPU
		{B87846E4-F3BB-4229-BEDE-B88FBFE934DA}.Debug|x86.Build.0 = Debug|Any CPU
		{B87846E4-F3BB-4229-BEDE-B88FBFE934DA}.Debug|x86.Deploy.0 = Debug|Any CPU
		{B87846E4-F3BB-4229-BEDE-B88FBFE934DA}.Release|Any CPU.ActiveCfg = Release|Any CPU
		{B87846E4-F3BB-4229-BEDE-B88FBFE934DA}.Release|Any CPU.Build.0 = Release|Any CPU
		{B87846E4-F3BB-4229-BEDE-B88FBFE934DA}.Release|Any CPU.Deploy.0 = Release|Any CPU
		{B87846E4-F3BB-4229-BEDE-B88FBFE934DA}.Release|ARM.ActiveCfg = Release|Any CPU
		{B87846E4-F3BB-4229-BEDE-B88FBFE934DA}.Release|ARM.Build.0 = Release|Any CPU
		{B87846E4-F3BB-4229-BEDE-B88FBFE934DA}.Release|ARM.Deploy.0 = Release|Any CPU
		{B87846E4-F3BB-4229-BEDE-B88FBFE934DA}.Release|iPhone.ActiveCfg = Release|Any CPU
		{B87846E4-F3BB-4229-BEDE-B88FBFE934DA}.Release|iPhone.Build.0 = Release|Any CPU
		{B87846E4-F3BB-4229-BEDE-B88FBFE934DA}.Release|iPhone.Deploy.0 = Release|Any CPU
		{B87846E4-F3BB-4229-BEDE-B88FBFE934DA}.Release|iPhoneSimulator.ActiveCfg = Release|Any CPU
		{B87846E4-F3BB-4229-BEDE-B88FBFE934DA}.Release|iPhoneSimulator.Build.0 = Release|Any CPU
		{B87846E4-F3BB-4229-BEDE-B88FBFE934DA}.Release|iPhoneSimulator.Deploy.0 = Release|Any CPU
		{B87846E4-F3BB-4229-BEDE-B88FBFE934DA}.Release|x64.ActiveCfg = Release|Any CPU
		{B87846E4-F3BB-4229-BEDE-B88FBFE934DA}.Release|x64.Build.0 = Release|Any CPU
		{B87846E4-F3BB-4229-BEDE-B88FBFE934DA}.Release|x64.Deploy.0 = Release|Any CPU
		{B87846E4-F3BB-4229-BEDE-B88FBFE934DA}.Release|x86.ActiveCfg = Release|Any CPU
		{B87846E4-F3BB-4229-BEDE-B88FBFE934DA}.Release|x86.Build.0 = Release|Any CPU
		{B87846E4-F3BB-4229-BEDE-B88FBFE934DA}.Release|x86.Deploy.0 = Release|Any CPU
	EndGlobalSection
	GlobalSection(SolutionProperties) = preSolution
		HideSolutionNode = FALSE
	EndGlobalSection
	GlobalSection(NestedProjects) = preSolution
		{C9B5FFEE-687E-4523-A7D4-C5E5B61C4B37} = {1967FC17-13FA-4D9D-83FE-45ADA137BE4D}
		{426B6073-3838-48CA-B653-5315DDAA0F1C} = {1967FC17-13FA-4D9D-83FE-45ADA137BE4D}
		{FB9EDF50-91E0-4E2D-9C3F-B72D08CBFCD4} = {1967FC17-13FA-4D9D-83FE-45ADA137BE4D}
		{F9AB1DBB-B438-48CF-9058-DEF09CA489F0} = {7E26FC44-69DA-428E-8077-A9275FFD3034}
		{67F9D3A8-F71E-4428-913F-C37AE82CDB24} = {1967FC17-13FA-4D9D-83FE-45ADA137BE4D}
		{72E145E0-BCD6-4BAD-8650-B5B042606A68} = {1967FC17-13FA-4D9D-83FE-45ADA137BE4D}
		{1A9E0C45-ACF4-4558-AB4B-BEE31487F5F6} = {1967FC17-13FA-4D9D-83FE-45ADA137BE4D}
		{6762F8FF-4896-4F44-A45B-86D1310BFDDF} = {1967FC17-13FA-4D9D-83FE-45ADA137BE4D}
		{B87846E4-F3BB-4229-BEDE-B88FBFE934DA} = {1967FC17-13FA-4D9D-83FE-45ADA137BE4D}
	EndGlobalSection
EndGlobal
